
Microsoft Visual Studio Solution File, Format Version 12.00
# Visual Studio Version 16
VisualStudioVersion = 16.0.32002.261
MinimumVisualStudioVersion = 10.0.40219.1
Project("{9A19103F-16F7-4668-BE54-9A1E7A4F7556}") = "Shop.Core", "Shop.Core\Shop.Core.csproj", "{70C144F9-B073-46A8-8E1E-7C7271167EED}"
EndProject
Project("{9A19103F-16F7-4668-BE54-9A1E7A4F7556}") = "Shop.Infrastructure", "Shop.Infrastructure\Shop.Infrastructure.csproj", "{7459912A-F120-4FAB-BC2F-FFFBE3AEB977}"
EndProject
Project("{9A19103F-16F7-4668-BE54-9A1E7A4F7556}") = "Shop.WebAPI", "Shop.WebAPI\Shop.WebAPI.csproj", "{5D185242-8A97-487A-87E4-1ED0E43943BD}"
EndProject
Project("{9A19103F-16F7-4668-BE54-9A1E7A4F7556}") = "Shop.WebApp", "Shop.WebApp\Shop.WebApp.csproj", "{CD43A56A-9C52-4E08-B66D-4F481B729D11}"
EndProject
Project("{FAE04EC0-301F-11D3-BF4B-00C04F79EFBC}") = "Shop.Tests", "Shop.Tests\Shop.Tests.csproj", "{2B30FDEE-F4C3-4545-886F-74A56E27C675}"
EndProject
Global
	GlobalSection(SolutionConfigurationPlatforms) = preSolution
		Debug|Any CPU = Debug|Any CPU
		Release|Any CPU = Release|Any CPU
	EndGlobalSection
	GlobalSection(ProjectConfigurationPlatforms) = postSolution
		{70C144F9-B073-46A8-8E1E-7C7271167EED}.Debug|Any CPU.ActiveCfg = Debug|Any CPU
		{70C144F9-B073-46A8-8E1E-7C7271167EED}.Debug|Any CPU.Build.0 = Debug|Any CPU
		{70C144F9-B073-46A8-8E1E-7C7271167EED}.Release|Any CPU.ActiveCfg = Release|Any CPU
		{70C144F9-B073-46A8-8E1E-7C7271167EED}.Release|Any CPU.Build.0 = Release|Any CPU
		{7459912A-F120-4FAB-BC2F-FFFBE3AEB977}.Debug|Any CPU.ActiveCfg = Debug|Any CPU
		{7459912A-F120-4FAB-BC2F-FFFBE3AEB977}.Debug|Any CPU.Build.0 = Debug|Any CPU
		{7459912A-F120-4FAB-BC2F-FFFBE3AEB977}.Release|Any CPU.ActiveCfg = Release|Any CPU
		{7459912A-F120-4FAB-BC2F-FFFBE3AEB977}.Release|Any CPU.Build.0 = Release|Any CPU
		{5D185242-8A97-487A-87E4-1ED0E43943BD}.Debug|Any CPU.ActiveCfg = Debug|Any CPU
		{5D185242-8A97-487A-87E4-1ED0E43943BD}.Debug|Any CPU.Build.0 = Debug|Any CPU
		{5D185242-8A97-487A-87E4-1ED0E43943BD}.Release|Any CPU.ActiveCfg = Release|Any CPU
		{5D185242-8A97-487A-87E4-1ED0E43943BD}.Release|Any CPU.Build.0 = Release|Any CPU
		{CD43A56A-9C52-4E08-B66D-4F481B729D11}.Debug|Any CPU.ActiveCfg = Debug|Any CPU
		{CD43A56A-9C52-4E08-B66D-4F481B729D11}.Debug|Any CPU.Build.0 = Debug|Any CPU
		{CD43A56A-9C52-4E08-B66D-4F481B729D11}.Release|Any CPU.ActiveCfg = Release|Any CPU
		{CD43A56A-9C52-4E08-B66D-4F481B729D11}.Release|Any CPU.Build.0 = Release|Any CPU
		{2B30FDEE-F4C3-4545-886F-74A56E27C675}.Debug|Any CPU.ActiveCfg = Debug|Any CPU
		{2B30FDEE-F4C3-4545-886F-74A56E27C675}.Debug|Any CPU.Build.0 = Debug|Any CPU
		{2B30FDEE-F4C3-4545-886F-74A56E27C675}.Release|Any CPU.ActiveCfg = Release|Any CPU
		{2B30FDEE-F4C3-4545-886F-74A56E27C675}.Release|Any CPU.Build.0 = Release|Any CPU
	EndGlobalSection
	GlobalSection(SolutionProperties) = preSolution
		HideSolutionNode = FALSE
	EndGlobalSection
	GlobalSection(ExtensibilityGlobals) = postSolution
		SolutionGuid = {EE8F0DDE-141B-4BF4-9C4B-E041CF3E4B92}
	EndGlobalSection
EndGlobal
